<?xml version="1.0" encoding="UTF-8" standalone="yes" ?>
<CodeBlocks_project_file>
	<FileVersion major="1" minor="6" />
	<Project>
		<Option title="cvtest" />
		<Option pch_mode="2" />
		<Option compiler="gcc" />
		<Build>
			<Target title="Debug">
				<Option output="bin/Debug/cvtest" prefix_auto="1" extension_auto="1" />
				<Option object_output="obj/Debug/" />
				<Option type="1" />
				<Option compiler="gcc" />
				<Compiler>
					<Add option="-g" />
					<Add directory="/home/pi/projects/git/cvtest/include" />
					<Add directory="/usr/include" />
					<Add directory="/usr/local/include" />
				</Compiler>
				<Linker>
					<Add library="/home/pi/builds/opencv/release/lib/libopencv_imgproc.so" />
					<Add library="/home/pi/builds/opencv/release/lib/libopencv_core.so" />
					<Add library="/home/pi/builds/opencv/release/lib/libopencv_highgui.so" />
					<Add library="/home/pi/builds/opencv/release/lib/libopencv_videoio.so" />
					<Add library="/home/pi/builds/opencv/release/lib/libopencv_objdetect.so" />
					<Add library="/home/pi/builds/opencv/release/lib/libopencv_features2d.so" />
					<Add library="/usr/lib/uv4l/uv4lext/armv6l/libuv4lext.so" />
					<Add library="/usr/lib/arm-linux-gnueabihf/libboost_system.so" />
					<Add library="/usr/lib/arm-linux-gnueabihf/libboost_thread.so" />
					<Add library="/usr/local/lib/libportaudio.so" />
				</Linker>
			</Target>
			<Target title="Release">
				<Option output="bin/Release/cvtest" prefix_auto="1" extension_auto="1" />
				<Option object_output="obj/Release/" />
				<Option type="1" />
				<Option compiler="gcc" />
				<Compiler>
					<Add option="-O2" />
					<Add directory="/home/pi/projects/git/cvtest/include" />
				</Compiler>
				<Linker>
					<Add option="-s" />
					<Add library="/home/pi/builds/opencv/release/lib/libopencv_core.so" />
				</Linker>
			</Target>
		</Build>
		<Compiler>
			<Add option="-Wall" />
		</Compiler>
		<Unit filename="../../../../../usr/local/include/pa_ringbuffer.h" />
		<Unit filename="../../../../../usr/local/include/pa_util.h" />
		<Unit filename="../../../../../usr/local/include/portaudio.h" />
		<Unit filename="../../../builds/portaudio-snp/src/common/pa_ringbuffer.c">
			<Option compilerVar="CC" />
		</Unit>
		<Unit filename="classifiers/haarcascade_frontalface_alt2.xml" />
		<Unit filename="classifiers/haarcascade_profileface.xml" />
		<Unit filename="include/ServoController.h" />
		<Unit filename="include/TextToSpeechController.h" />
		<Unit filename="include/VoiceRecognition.h" />
		<Unit filename="src/ServoController.cpp" />
		<Unit filename="src/TextToSpeechController.cpp" />
		<Unit filename="src/VoiceRecognition.cpp" />
		<Unit filename="src/opencv_test.cpp" />
		<Extensions>
			<code_completion>
				<search_path add="/home/pi/projects/libsprec-cb/include" />
			</code_completion>
			<debugger />
		</Extensions>
	</Project>
</CodeBlocks_project_file>
